// !$*UTF8*$!
{
	archiveVersion = 1;
	classes = {
	};
	objectVersion = 77;
	objects = {

/* Begin PBXContainerItemProxy section */
		0AA6B0072DB69F7C00C489DC /* PBXContainerItemProxy */ = {
			isa = PBXContainerItemProxy;
			containerPortal = 0AA6AFF12DB69F7B00C489DC /* Project object */;
			proxyType = 1;
			remoteGlobalIDString = 0AA6AFF82DB69F7B00C489DC;
			remoteInfo = "Senior Calendar2";
		};
		0AA6B0112DB69F7C00C489DC /* PBXContainerItemProxy */ = {
			isa = PBXContainerItemProxy;
			containerPortal = 0AA6AFF12DB69F7B00C489DC /* Project object */;
			proxyType = 1;
			remoteGlobalIDString = 0AA6AFF82DB69F7B00C489DC;
			remoteInfo = "Senior Calendar2";
		};
/* End PBXContainerItemProxy section */

/* Begin PBXFileReference section */
		0AA6AFF92DB69F7B00C489DC /* Senior Calendar2.app */ = {isa = PBXFileReference; explicitFileType = wrapper.application; includeInIndex = 0; path = "Senior Calendar2.app"; sourceTree = BUILT_PRODUCTS_DIR; };
		0AA6B0062DB69F7C00C489DC /* Senior Calendar2Tests.xctest */ = {isa = PBXFileReference; explicitFileType = wrapper.cfbundle; includeInIndex = 0; path = "Senior Calendar2Tests.xctest"; sourceTree = BUILT_PRODUCTS_DIR; };
		0AA6B0102DB69F7C00C489DC /* Senior Calendar2UITests.xctest */ = {isa = PBXFileReference; explicitFileType = wrapper.cfbundle; includeInIndex = 0; path = "Senior Calendar2UITests.xctest"; sourceTree = BUILT_PRODUCTS_DIR; };
/* End PBXFileReference section */

/* Begin PBXFileSystemSynchronizedRootGroup section */
		0AA6AFFB2DB69F7B00C489DC /* Senior Calendar2 */ = {
			isa = PBXFileSystemSynchronizedRootGroup;
			path = "Senior Calendar2";
			sourceTree = "<group>";
		};
		0AA6B0092DB69F7C00C489DC /* Senior Calendar2Tests */ = {
			isa = PBXFileSystemSynchronizedRootGroup;
			path = "Senior Calendar2Tests";
			sourceTree = "<group>";
		};
		0AA6B0132DB69F7C00C489DC /* Senior Calendar2UITests */ = {
			isa = PBXFileSystemSynchronizedRootGroup;
			path = "Senior Calendar2UITests";
			sourceTree = "<group>";
		};
/* End PBXFileSystemSynchronizedRootGroup section */

/* Begin PBXFrameworksBuildPhase section */
		0AA6AFF62DB69F7B00C489DC /* Frameworks */ = {
			isa = PBXFrameworksBuildPhase;
			buildActionMask = 2147483647;
			files = (
			);
			runOnlyForDeploymentPostprocessing = 0;
		};
		0AA6B0032DB69F7C00C489DC /* Frameworks */ = {
			isa = PBXFrameworksBuildPhase;
			buildActionMask = 2147483647;
			files = (
			);
			runOnlyForDeploymentPostprocessing = 0;
		};
		0AA6B00D2DB69F7C00C489DC /* Frameworks */ = {
			isa = PBXFrameworksBuildPhase;
			buildActionMask = 2147483647;
			files = (
			);
			runOnlyForDeploymentPostprocessing = 0;
		};
/* End PBXFrameworksBuildPhase section */

/* Begin PBXGroup section */
		0AA6AFF02DB69F7B00C489DC = {
			isa = PBXGroup;
			children = (
				0AA6AFFB2DB69F7B00C489DC /* Senior Calendar2 */,
				0AA6B0092DB69F7C00C489DC /* Senior Calendar2Tests */,
				0AA6B0132DB69F7C00C489DC /* Senior Calendar2UITests */,
				0AA6AFFA2DB69F7B00C489DC /* Products */,
			);
			sourceTree = "<group>";
		};
		0AA6AFFA2DB69F7B00C489DC /* Products */ = {
			isa = PBXGroup;
			children = (
				0AA6AFF92DB69F7B00C489DC /* Senior Calendar2.app */,
				0AA6B0062DB69F7C00C489DC /* Senior Calendar2Tests.xctest */,
				0AA6B0102DB69F7C00C489DC /* Senior Calendar2UITests.xctest */,
			);
			name = Products;
			sourceTree = "<group>";
		};
/* End PBXGroup section */

/* Begin PBXNativeTarget section */
		0AA6AFF82DB69F7B00C489DC /* Senior Calendar2 */ = {
			isa = PBXNativeTarget;
			buildConfigurationList = 0AA6B01A2DB69F7C00C489DC /* Build configuration list for PBXNativeTarget "Senior Calendar2" */;
			buildPhases = (
				0AA6AFF52DB69F7B00C489DC /* Sources */,
				0AA6AFF62DB69F7B00C489DC /* Frameworks */,
				0AA6AFF72DB69F7B00C489DC /* Resources */,
			);
			buildRules = (
			);
			dependencies = (
			);
			fileSystemSynchronizedGroups = (
				0AA6AFFB2DB69F7B00C489DC /* Senior Calendar2 */,
			);
			name = "Senior Calendar2";
			packageProductDependencies = (
			);
			productName = "Senior Calendar2";
			productReference = 0AA6AFF92DB69F7B00C489DC /* Senior Calendar2.app */;
			productType = "com.apple.product-type.application";
		};
		0AA6B0052DB69F7C00C489DC /* Senior Calendar2Tests */ = {
			isa = PBXNativeTarget;
			buildConfigurationList = 0AA6B01D2DB69F7C00C489DC /* Build configuration list for PBXNativeTarget "Senior Calendar2Tests" */;
			buildPhases = (
				0AA6B0022DB69F7C00C489DC /* Sources */,
				0AA6B0032DB69F7C00C489DC /* Frameworks */,
				0AA6B0042DB69F7C00C489DC /* Resources */,
			);
			buildRules = (
			);
			dependencies = (
				0AA6B0082DB69F7C00C489DC /* PBXTargetDependency */,
			);
			fileSystemSynchronizedGroups = (
				0AA6B0092DB69F7C00C489DC /* Senior Calendar2Tests */,
			);
			name = "Senior Calendar2Tests";
			packageProductDependencies = (
			);
			productName = "Senior Calendar2Tests";
			productReference = 0AA6B0062DB69F7C00C489DC /* Senior Calendar2Tests.xctest */;
			productType = "com.apple.product-type.bundle.unit-test";
		};
		0AA6B00F2DB69F7C00C489DC /* Senior Calendar2UITests */ = {
			isa = PBXNativeTarget;
			buildConfigurationList = 0AA6B0202DB69F7C00C489DC /* Build configuration list for PBXNativeTarget "Senior Calendar2UITests" */;
			buildPhases = (
				0AA6B00C2DB69F7C00C489DC /* Sources */,
				0AA6B00D2DB69F7C00C489DC /* Frameworks */,
				0AA6B00E2DB69F7C00C489DC /* Resources */,
			);
			buildRules = (
			);
			dependencies = (
				0AA6B0122DB69F7C00C489DC /* PBXTargetDependency */,
			);
			fileSystemSynchronizedGroups = (
				0AA6B0132DB69F7C00C489DC /* Senior Calendar2UITests */,
			);
			name = "Senior Calendar2UITests";
			packageProductDependencies = (
			);
			productName = "Senior Calendar2UITests";
			productReference = 0AA6B0102DB69F7C00C489DC /* Senior Calendar2UITests.xctest */;
			productType = "com.apple.product-type.bundle.ui-testing";
		};
/* End PBXNativeTarget section */

/* Begin PBXProject section */
		0AA6AFF12DB69F7B00C489DC /* Project object */ = {
			isa = PBXProject;
			attributes = {
				BuildIndependentTargetsInParallel = 1;
				LastSwiftUpdateCheck = 1630;
				LastUpgradeCheck = 1630;
				TargetAttributes = {
					0AA6AFF82DB69F7B00C489DC = {
						CreatedOnToolsVersion = 16.3;
					};
					0AA6B0052DB69F7C00C489DC = {
						CreatedOnToolsVersion = 16.3;
						TestTargetID = 0AA6AFF82DB69F7B00C489DC;
					};
					0AA6B00F2DB69F7C00C489DC = {
						CreatedOnToolsVersion = 16.3;
						TestTargetID = 0AA6AFF82DB69F7B00C489DC;
					};
				};
			};
			buildConfigurationList = 0AA6AFF42DB69F7B00C489DC /* Build configuration list for PBXProject "Senior Calendar2" */;
			developmentRegion = en;
			hasScannedForEncodings = 0;
			knownRegions = (
				en,
				Base,
			);
			mainGroup = 0AA6AFF02DB69F7B00C489DC;
			minimizedProjectReferenceProxies = 1;
			preferredProjectObjectVersion = 77;
			productRefGroup = 0AA6AFFA2DB69F7B00C489DC /* Products */;
			projectDirPath = "";
			projectRoot = "";
			targets = (
				0AA6AFF82DB69F7B00C489DC /* Senior Calendar2 */,
				0AA6B0052DB69F7C00C489DC /* Senior Calendar2Tests */,
				0AA6B00F2DB69F7C00C489DC /* Senior Calendar2UITests */,
			);
		};
/* End PBXProject section */

/* Begin PBXResourcesBuildPhase section */
		0AA6AFF72DB69F7B00C489DC /* Resources */ = {
			isa = PBXResourcesBuildPhase;
			buildActionMask = 2147483647;
			files = (
			);
			runOnlyForDeploymentPostprocessing = 0;
		};
		0AA6B0042DB69F7C00C489DC /* Resources */ = {
			isa = PBXResourcesBuildPhase;
			buildActionMask = 2147483647;
			files = (
			);
			runOnlyForDeploymentPostprocessing = 0;
		};
		0AA6B00E2DB69F7C00C489DC /* Resources */ = {
			isa = PBXResourcesBuildPhase;
			buildActionMask = 2147483647;
			files = (
			);
			runOnlyForDeploymentPostprocessing = 0;
		};
/* End PBXResourcesBuildPhase section */

/* Begin PBXSourcesBuildPhase section */
		0AA6AFF52DB69F7B00C489DC /* Sources */ = {
			isa = PBXSourcesBuildPhase;
			buildActionMask = 2147483647;
			files = (
			);
			runOnlyForDeploymentPostprocessing = 0;
		};
		0AA6B0022DB69F7C00C489DC /* Sources */ = {
			isa = PBXSourcesBuildPhase;
			buildActionMask = 2147483647;
			files = (
			);
			runOnlyForDeploymentPostprocessing = 0;
		};
		0AA6B00C2DB69F7C00C489DC /* Sources */ = {
			isa = PBXSourcesBuildPhase;
			buildActionMask = 2147483647;
			files = (
			);
			runOnlyForDeploymentPostprocessing = 0;
		};
/* End PBXSourcesBuildPhase section */

/* Begin PBXTargetDependency section */
		0AA6B0082DB69F7C00C489DC /* PBXTargetDependency */ = {
			isa = PBXTargetDependency;
			target = 0AA6AFF82DB69F7B00C489DC /* Senior Calendar2 */;
			targetProxy = 0AA6B0072DB69F7C00C489DC /* PBXContainerItemProxy */;
		};
		0AA6B0122DB69F7C00C489DC /* PBXTargetDependency */ = {
			isa = PBXTargetDependency;
			target = 0AA6AFF82DB69F7B00C489DC /* Senior Calendar2 */;
			targetProxy = 0AA6B0112DB69F7C00C489DC /* PBXContainerItemProxy */;
		};
/* End PBXTargetDependency section */

/* Begin XCBuildConfiguration section */
		0AA6B0182DB69F7C00C489DC /* Debug */ = {
			isa = XCBuildConfiguration;
			buildSettings = {
				ALWAYS_SEARCH_USER_PATHS = NO;
				ASSETCATALOG_COMPILER_GENERATE_SWIFT_ASSET_SYMBOL_EXTENSIONS = YES;
				CLANG_ANALYZER_NONNULL = YES;
				CLANG_ANALYZER_NUMBER_OBJECT_CONVERSION = YES_AGGRESSIVE;
				CLANG_CXX_LANGUAGE_STANDARD = "gnu++20";
				CLANG_ENABLE_MODULES = YES;
				CLANG_ENABLE_OBJC_ARC = YES;
				CLANG_ENABLE_OBJC_WEAK = YES;
				CLANG_WARN_BLOCK_CAPTURE_AUTORELEASING = YES;
				CLANG_WARN_BOOL_CONVERSION = YES;
				CLANG_WARN_COMMA = YES;
				CLANG_WARN_CONSTANT_CONVERSION = YES;
				CLANG_WARN_DEPRECATED_OBJC_IMPLEMENTATIONS = YES;
				CLANG_WARN_DIRECT_OBJC_ISA_USAGE = YES_ERROR;
				CLANG_WARN_DOCUMENTATION_COMMENTS = YES;
				CLANG_WARN_EMPTY_BODY = YES;
				CLANG_WARN_ENUM_CONVERSION = YES;
				CLANG_WARN_INFINITE_RECURSION = YES;
				CLANG_WARN_INT_CONVERSION = YES;
				CLANG_WARN_NON_LITERAL_NULL_CONVERSION = YES;
				CLANG_WARN_OBJC_IMPLICIT_RETAIN_SELF = YES;
				CLANG_WARN_OBJC_LITERAL_CONVERSION = YES;
				CLANG_WARN_OBJC_ROOT_CLASS = YES_ERROR;
				CLANG_WARN_QUOTED_INCLUDE_IN_FRAMEWORK_HEADER = YES;
				CLANG_WARN_RANGE_LOOP_ANALYSIS = YES;
				CLANG_WARN_STRICT_PROTOTYPES = YES;
				CLANG_WARN_SUSPICIOUS_MOVE = YES;
				CLANG_WARN_UNGUARDED_AVAILABILITY = YES_AGGRESSIVE;
				CLANG_WARN_UNREACHABLE_CODE = YES;
				CLANG_WARN__DUPLICATE_METHOD_MATCH = YES;
				COPY_PHASE_STRIP = NO;
				DEBUG_INFORMATION_FORMAT = dwarf;
				ENABLE_STRICT_OBJC_MSGSEND = YES;
				ENABLE_TESTABILITY = YES;
				ENABLE_USER_SCRIPT_SANDBOXING = YES;
				GCC_C_LANGUAGE_STANDARD = gnu17;
				GCC_DYNAMIC_NO_PIC = NO;
				GCC_NO_COMMON_BLOCKS = YES;
				GCC_OPTIMIZATION_LEVEL = 0;
				GCC_PREPROCESSOR_DEFINITIONS = (
					"DEBUG=1",
					"$(inherited)",
				);
				GCC_WARN_64_TO_32_BIT_CONVERSION = YES;
				GCC_WARN_ABOUT_RETURN_TYPE = YES_ERROR;
				GCC_WARN_UNDECLARED_SELECTOR = YES;
				GCC_WARN_UNINITIALIZED_AUTOS = YES_AGGRESSIVE;
				GCC_WARN_UNUSED_FUNCTION = YES;
				GCC_WARN_UNUSED_VARIABLE = YES;
				IPHONEOS_DEPLOYMENT_TARGET = 18.4;
				LOCALIZATION_PREFERS_STRING_CATALOGS = YES;
				MTL_ENABLE_DEBUG_INFO = INCLUDE_SOURCE;
				MTL_FAST_MATH = YES;
				ONLY_ACTIVE_ARCH = YES;
				SDKROOT = iphoneos;
				SWIFT_ACTIVE_COMPILATION_CONDITIONS = "DEBUG $(inherited)";
				SWIFT_OPTIMIZATION_LEVEL = "-Onone";
			};
			name = Debug;
		};
		0AA6B0192DB69F7C00C489DC /* Release */ = {
			isa = XCBuildConfiguration;
			buildSettings = {
				ALWAYS_SEARCH_USER_PATHS = NO;
				ASSETCATALOG_COMPILER_GENERATE_SWIFT_ASSET_SYMBOL_EXTENSIONS = YES;
				CLANG_ANALYZER_NONNULL = YES;
				CLANG_ANALYZER_NUMBER_OBJECT_CONVERSION = YES_AGGRESSIVE;
				CLANG_CXX_LANGUAGE_STANDARD = "gnu++20";
				CLANG_ENABLE_MODULES = YES;
				CLANG_ENABLE_OBJC_ARC = YES;
				CLANG_ENABLE_OBJC_WEAK = YES;
				CLANG_WARN_BLOCK_CAPTURE_AUTORELEASING = YES;
				CLANG_WARN_BOOL_CONVERSION = YES;
				CLANG_WARN_COMMA = YES;
				CLANG_WARN_CONSTANT_CONVERSION = YES;
				CLANG_WARN_DEPRECATED_OBJC_IMPLEMENTATIONS = YES;
				CLANG_WARN_DIRECT_OBJC_ISA_USAGE = YES_ERROR;
				CLANG_WARN_DOCUMENTATION_COMMENTS = YES;
				CLANG_WARN_EMPTY_BODY = YES;
				CLANG_WARN_ENUM_CONVERSION = YES;
				CLANG_WARN_INFINITE_RECURSION = YES;
				CLANG_WARN_INT_CONVERSION = YES;
				CLANG_WARN_NON_LITERAL_NULL_CONVERSION = YES;
				CLANG_WARN_OBJC_IMPLICIT_RETAIN_SELF = YES;
				CLANG_WARN_OBJC_LITERAL_CONVERSION = YES;
				CLANG_WARN_OBJC_ROOT_CLASS = YES_ERROR;
				CLANG_WARN_QUOTED_INCLUDE_IN_FRAMEWORK_HEADER = YES;
				CLANG_WARN_RANGE_LOOP_ANALYSIS = YES;
				CLANG_WARN_STRICT_PROTOTYPES = YES;
				CLANG_WARN_SUSPICIOUS_MOVE = YES;
				CLANG_WARN_UNGUARDED_AVAILABILITY = YES_AGGRESSIVE;
				CLANG_WARN_UNREACHABLE_CODE = YES;
				CLANG_WARN__DUPLICATE_METHOD_MATCH = YES;
				COPY_PHASE_STRIP = NO;
				DEBUG_INFORMATION_FORMAT = "dwarf-with-dsym";
				ENABLE_NS_ASSERTIONS = NO;
				ENABLE_STRICT_OBJC_MSGSEND = YES;
				ENABLE_USER_SCRIPT_SANDBOXING = YES;
				GCC_C_LANGUAGE_STANDARD = gnu17;
				GCC_NO_COMMON_BLOCKS = YES;
				GCC_WARN_64_TO_32_BIT_CONVERSION = YES;
				GCC_WARN_ABOUT_RETURN_TYPE = YES_ERROR;
				GCC_WARN_UNDECLARED_SELECTOR = YES;
				GCC_WARN_UNINITIALIZED_AUTOS = YES_AGGRESSIVE;
				GCC_WARN_UNUSED_FUNCTION = YES;
				GCC_WARN_UNUSED_VARIABLE = YES;
				IPHONEOS_DEPLOYMENT_TARGET = 18.4;
				LOCALIZATION_PREFERS_STRING_CATALOGS = YES;
				MTL_ENABLE_DEBUG_INFO = NO;
				MTL_FAST_MATH = YES;
				SDKROOT = iphoneos;
				SWIFT_COMPILATION_MODE = wholemodule;
				VALIDATE_PRODUCT = YES;
			};
			name = Release;
		};
		0AA6B01B2DB69F7C00C489DC /* Debug */ = {
			isa = XCBuildConfiguration;
			buildSettings = {
				ASSETCATALOG_COMPILER_APPICON_NAME = AppIcon;
				ASSETCATALOG_COMPILER_GLOBAL_ACCENT_COLOR_NAME = AccentColor;
				ASSETCATALOG_COMPILER_INCLUDE_ALL_APPICON_ASSETS = YES;
				CODE_SIGN_STYLE = Automatic;
				CURRENT_PROJECT_VERSION = 1;
				DEVELOPMENT_TEAM = 883DK65VTV;
				ENABLE_PREVIEWS = YES;
				GENERATE_INFOPLIST_FILE = YES;
				INFOPLIST_KEY_UIApplicationSceneManifest_Generation = YES;
				INFOPLIST_KEY_UIApplicationSupportsIndirectInputEvents = YES;
				INFOPLIST_KEY_UILaunchScreen_Generation = YES;
				INFOPLIST_KEY_UISupportedInterfaceOrientations_iPad = "UIInterfaceOrientationPortrait UIInterfaceOrientationPortraitUpsideDown UIInterfaceOrientationLandscapeLeft UIInterfaceOrientationLandscapeRight";
				INFOPLIST_KEY_UISupportedInterfaceOrientations_iPhone = "UIInterfaceOrientationPortrait UIInterfaceOrientationLandscapeLeft UIInterfaceOrientationLandscapeRight";
				IPHONEOS_DEPLOYMENT_TARGET = 17.6;
				LD_RUNPATH_SEARCH_PATHS = (
					"$(inherited)",
					"@executable_path/Frameworks",
				);
				MARKETING_VERSION = 1.0;
				PRODUCT_BUNDLE_IDENTIFIER = "epschools.Senior-Calendar2";
				PRODUCT_NAME = "$(TARGET_NAME)";
				SWIFT_EMIT_LOC_STRINGS = YES;
				SWIFT_VERSION = 5.0;
				TARGETED_DEVICE_FAMILY = "1,2";
			};
			name = Debug;
		};
		0AA6B01C2DB69F7C00C489DC /* Release */ = {
			isa = XCBuildConfiguration;
			buildSettings = {
				ASSETCATALOG_COMPILER_APPICON_NAME = AppIcon;
				ASSETCATALOG_COMPILER_GLOBAL_ACCENT_COLOR_NAME = AccentColor;
				ASSETCATALOG_COMPILER_INCLUDE_ALL_APPICON_ASSETS = YES;
				CODE_SIGN_STYLE = Automatic;
				CURRENT_PROJECT_VERSION = 1;
				DEVELOPMENT_TEAM = 883DK65VTV;
				ENABLE_PREVIEWS = YES;
				GENERATE_INFOPLIST_FILE = YES;
				INFOPLIST_KEY_UIApplicationSceneManifest_Generation = YES;
				INFOPLIST_KEY_UIApplicationSupportsIndirectInputEvents = YES;
				INFOPLIST_KEY_UILaunchScreen_Generation = YES;
				INFOPLIST_KEY_UISupportedInterfaceOrientations_iPad = "UIInterfaceOrientationPortrait UIInterfaceOrientationPortraitUpsideDown UIInterfaceOrientationLandscapeLeft UIInterfaceOrientationLandscapeRight";
				INFOPLIST_KEY_UISupportedInterfaceOrientations_iPhone = "UIInterfaceOrientationPortrait UIInterfaceOrientationLandscapeLeft UIInterfaceOrientationLandscapeRight";
				IPHONEOS_DEPLOYMENT_TARGET = 17.6;
				LD_RUNPATH_SEARCH_PATHS = (
					"$(inherited)",
					"@executable_path/Frameworks",
				);
				MARKETING_VERSION = 1.0;
				PRODUCT_BUNDLE_IDENTIFIER = "epschools.Senior-Calendar2";
				PRODUCT_NAME = "$(TARGET_NAME)";
				SWIFT_EMIT_LOC_STRINGS = YES;
				SWIFT_VERSION = 5.0;
				TARGETED_DEVICE_FAMILY = "1,2";
			};
			name = Release;
		};
		0AA6B01E2DB69F7C00C489DC /* Debug */ = {
			isa = XCBuildConfiguration;
			buildSettings = {
				BUNDLE_LOADER = "$(TEST_HOST)";
				CODE_SIGN_STYLE = Automatic;
				CURRENT_PROJECT_VERSION = 1;
				GENERATE_INFOPLIST_FILE = YES;
				IPHONEOS_DEPLOYMENT_TARGET = 18.4;
				MARKETING_VERSION = 1.0;
				PRODUCT_BUNDLE_IDENTIFIER = "epschools.Senior-Calendar2Tests";
				PRODUCT_NAME = "$(TARGET_NAME)";
				SWIFT_EMIT_LOC_STRINGS = NO;
				SWIFT_VERSION = 5.0;
				TARGETED_DEVICE_FAMILY = "1,2";
				TEST_HOST = "$(BUILT_PRODUCTS_DIR)/Senior Calendar2.app/$(BUNDLE_EXECUTABLE_FOLDER_PATH)/Senior Calendar2";
			};
			name = Debug;
		};
		0AA6B01F2DB69F7C00C489DC /* Release */ = {
			isa = XCBuildConfiguration;
			buildSettings = {
				BUNDLE_LOADER = "$(TEST_HOST)";
				CODE_SIGN_STYLE = Automatic;
				CURRENT_PROJECT_VERSION = 1;
				GENERATE_INFOPLIST_FILE = YES;
				IPHONEOS_DEPLOYMENT_TARGET = 18.4;
				MARKETING_VERSION = 1.0;
				PRODUCT_BUNDLE_IDENTIFIER = "epschools.Senior-Calendar2Tests";
				PRODUCT_NAME = "$(TARGET_NAME)";
				SWIFT_EMIT_LOC_STRINGS = NO;
				SWIFT_VERSION = 5.0;
				TARGETED_DEVICE_FAMILY = "1,2";
				TEST_HOST = "$(BUILT_PRODUCTS_DIR)/Senior Calendar2.app/$(BUNDLE_EXECUTABLE_FOLDER_PATH)/Senior Calendar2";
			};
			name = Release;
		};
		0AA6B0212DB69F7C00C489DC /* Debug */ = {
			isa = XCBuildConfiguration;
			buildSettings = {
				CODE_SIGN_STYLE = Automatic;
				CURRENT_PROJECT_VERSION = 1;
				GENERATE_INFOPLIST_FILE = YES;
				MARKETING_VERSION = 1.0;
				PRODUCT_BUNDLE_IDENTIFIER = "epschools.Senior-Calendar2UITests";
				PRODUCT_NAME = "$(TARGET_NAME)";
				SWIFT_EMIT_LOC_STRINGS = NO;
				SWIFT_VERSION = 5.0;
				TARGETED_DEVICE_FAMILY = "1,2";
				TEST_TARGET_NAME = "Senior Calendar2";
			};
			name = Debug;
		};
		0AA6B0222DB69F7C00C489DC /* Release */ = {
			isa = XCBuildConfiguration;
			buildSettings = {
				CODE_SIGN_STYLE = Automatic;
				CURRENT_PROJECT_VERSION = 1;
				GENERATE_INFOPLIST_FILE = YES;
				MARKETING_VERSION = 1.0;
				PRODUCT_BUNDLE_IDENTIFIER = "epschools.Senior-Calendar2UITests";
				PRODUCT_NAME = "$(TARGET_NAME)";
				SWIFT_EMIT_LOC_STRINGS = NO;
				SWIFT_VERSION = 5.0;
				TARGETED_DEVICE_FAMILY = "1,2";
				TEST_TARGET_NAME = "Senior Calendar2";
			};
			name = Release;
		};
/* End XCBuildConfiguration section */

/* Begin XCConfigurationList section */
		0AA6AFF42DB69F7B00C489DC /* Build configuration list for PBXProject "Senior Calendar2" */ = {
			isa = XCConfigurationList;
			buildConfigurations = (
				0AA6B0182DB69F7C00C489DC /* Debug */,
				0AA6B0192DB69F7C00C489DC /* Release */,
			);
			defaultConfigurationIsVisible = 0;
			defaultConfigurationName = Release;
		};
		0AA6B01A2DB69F7C00C489DC /* Build configuration list for PBXNativeTarget "Senior Calendar2" */ = {
			isa = XCConfigurationList;
			buildConfigurations = (
				0AA6B01B2DB69F7C00C489DC /* Debug */,
				0AA6B01C2DB69F7C00C489DC /* Release */,
			);
			defaultConfigurationIsVisible = 0;
			defaultConfigurationName = Release;
		};
		0AA6B01D2DB69F7C00C489DC /* Build configuration list for PBXNativeTarget "Senior Calendar2Tests" */ = {
			isa = XCConfigurationList;
			buildConfigurations = (
				0AA6B01E2DB69F7C00C489DC /* Debug */,
				0AA6B01F2DB69F7C00C489DC /* Release */,
			);
			defaultConfigurationIsVisible = 0;
			defaultConfigurationName = Release;
		};
		0AA6B0202DB69F7C00C489DC /* Build configuration list for PBXNativeTarget "Senior Calendar2UITests" */ = {
			isa = XCConfigurationList;
			buildConfigurations = (
				0AA6B0212DB69F7C00C489DC /* Debug */,
				0AA6B0222DB69F7C00C489DC /* Release */,
			);
			defaultConfigurationIsVisible = 0;
			defaultConfigurationName = Release;
		};
/* End XCConfigurationList section */
	};
	rootObject = 0AA6AFF12DB69F7B00C489DC /* Project object */;
}
